// !$*UTF8*$!
{
	archiveVersion = 1;
	classes = {
	};
	objectVersion = 56;
	objects = {

/* Begin PBXBuildFile section */
		4D6AC2AA294B5FEE00ADA2F6 /* RunningCollection.swift in Sources */ = {isa = PBXBuildFile; fileRef = 4D6AC2A9294B5FEE00ADA2F6 /* RunningCollection.swift */; };
		4D9BDECE2949F44C00984518 /* Running.swift in Sources */ = {isa = PBXBuildFile; fileRef = 4D9BDECD2949F44C00984518 /* Running.swift */; };
		4DB0209F2949FA0F009BB40B /* RunningCell.swift in Sources */ = {isa = PBXBuildFile; fileRef = 4DB0209E2949FA0F009BB40B /* RunningCell.swift */; };
		4DB531562948E5C2008218C4 /* User.swift in Sources */ = {isa = PBXBuildFile; fileRef = 4DB531552948E5C2008218C4 /* User.swift */; };
		4DB531592948E6A3008218C4 /* Circle.swift in Sources */ = {isa = PBXBuildFile; fileRef = 4DB531582948E6A3008218C4 /* Circle.swift */; };
		4DB5315B2948E714008218C4 /* UIViewController+Extension.swift in Sources */ = {isa = PBXBuildFile; fileRef = 4DB5315A2948E714008218C4 /* UIViewController+Extension.swift */; };
		4DB5315F2948F819008218C4 /* Logo.swift in Sources */ = {isa = PBXBuildFile; fileRef = 4DB5315E2948F819008218C4 /* Logo.swift */; };
		4DB531612948F8C2008218C4 /* Title.swift in Sources */ = {isa = PBXBuildFile; fileRef = 4DB531602948F8C2008218C4 /* Title.swift */; };
		4DBDF78D294B8F7D00445A0B /* RunningViewController.swift in Sources */ = {isa = PBXBuildFile; fileRef = 4DBDF78C294B8F7D00445A0B /* RunningViewController.swift */; };
		4DBDF78F294B9FEE00445A0B /* Gifs+Extension.swift in Sources */ = {isa = PBXBuildFile; fileRef = 4DBDF78E294B9FEE00445A0B /* Gifs+Extension.swift */; };
		4DBDF791294BA31A00445A0B /* running.gif in Resources */ = {isa = PBXBuildFile; fileRef = 4DBDF790294BA31A00445A0B /* running.gif */; };
		4DBDF793294C9AF600445A0B /* TextField.swift in Sources */ = {isa = PBXBuildFile; fileRef = 4DBDF792294C9AF600445A0B /* TextField.swift */; };
		4DE1B4E12948DF77003233D5 /* AppDelegate.swift in Sources */ = {isa = PBXBuildFile; fileRef = 4DE1B4E02948DF77003233D5 /* AppDelegate.swift */; };
		4DE1B4E32948DF77003233D5 /* SceneDelegate.swift in Sources */ = {isa = PBXBuildFile; fileRef = 4DE1B4E22948DF77003233D5 /* SceneDelegate.swift */; };
		4DE1B4E52948DF77003233D5 /* ViewController.swift in Sources */ = {isa = PBXBuildFile; fileRef = 4DE1B4E42948DF77003233D5 /* ViewController.swift */; };
		4DE1B4E82948DF77003233D5 /* Main.storyboard in Resources */ = {isa = PBXBuildFile; fileRef = 4DE1B4E62948DF77003233D5 /* Main.storyboard */; };
		4DE1B4EA2948DF78003233D5 /* Assets.xcassets in Resources */ = {isa = PBXBuildFile; fileRef = 4DE1B4E92948DF78003233D5 /* Assets.xcassets */; };
		4DE1B4ED2948DF78003233D5 /* LaunchScreen.storyboard in Resources */ = {isa = PBXBuildFile; fileRef = 4DE1B4EB2948DF78003233D5 /* LaunchScreen.storyboard */; };
		4DE1B4F52948E0F4003233D5 /* UIView+Extension.swift in Sources */ = {isa = PBXBuildFile; fileRef = 4DE1B4F42948E0F4003233D5 /* UIView+Extension.swift */; };
/* End PBXBuildFile section */

/* Begin PBXFileReference section */
		4D6AC2A9294B5FEE00ADA2F6 /* RunningCollection.swift */ = {isa = PBXFileReference; lastKnownFileType = sourcecode.swift; path = RunningCollection.swift; sourceTree = "<group>"; };
		4D9BDECD2949F44C00984518 /* Running.swift */ = {isa = PBXFileReference; lastKnownFileType = sourcecode.swift; path = Running.swift; sourceTree = "<group>"; };
		4DB0209E2949FA0F009BB40B /* RunningCell.swift */ = {isa = PBXFileReference; lastKnownFileType = sourcecode.swift; path = RunningCell.swift; sourceTree = "<group>"; };
		4DB531552948E5C2008218C4 /* User.swift */ = {isa = PBXFileReference; lastKnownFileType = sourcecode.swift; path = User.swift; sourceTree = "<group>"; };
		4DB531582948E6A3008218C4 /* Circle.swift */ = {isa = PBXFileReference; lastKnownFileType = sourcecode.swift; path = Circle.swift; sourceTree = "<group>"; };
		4DB5315A2948E714008218C4 /* UIViewController+Extension.swift */ = {isa = PBXFileReference; lastKnownFileType = sourcecode.swift; path = "UIViewController+Extension.swift"; sourceTree = "<group>"; };
		4DB5315E2948F819008218C4 /* Logo.swift */ = {isa = PBXFileReference; lastKnownFileType = sourcecode.swift; path = Logo.swift; sourceTree = "<group>"; };
		4DB531602948F8C2008218C4 /* Title.swift */ = {isa = PBXFileReference; lastKnownFileType = sourcecode.swift; path = Title.swift; sourceTree = "<group>"; };
		4DBDF78C294B8F7D00445A0B /* RunningViewController.swift */ = {isa = PBXFileReference; lastKnownFileType = sourcecode.swift; path = RunningViewController.swift; sourceTree = "<group>"; };
		4DBDF78E294B9FEE00445A0B /* Gifs+Extension.swift */ = {isa = PBXFileReference; lastKnownFileType = sourcecode.swift; path = "Gifs+Extension.swift"; sourceTree = "<group>"; };
		4DBDF790294BA31A00445A0B /* running.gif */ = {isa = PBXFileReference; lastKnownFileType = image.gif; name = running.gif; path = ../../../Downloads/running.gif; sourceTree = "<group>"; };
		4DBDF792294C9AF600445A0B /* TextField.swift */ = {isa = PBXFileReference; lastKnownFileType = sourcecode.swift; path = TextField.swift; sourceTree = "<group>"; };
		4DE1B4DD2948DF77003233D5 /* Run.app */ = {isa = PBXFileReference; explicitFileType = wrapper.application; includeInIndex = 0; path = Run.app; sourceTree = BUILT_PRODUCTS_DIR; };
		4DE1B4E02948DF77003233D5 /* AppDelegate.swift */ = {isa = PBXFileReference; lastKnownFileType = sourcecode.swift; path = AppDelegate.swift; sourceTree = "<group>"; };
		4DE1B4E22948DF77003233D5 /* SceneDelegate.swift */ = {isa = PBXFileReference; lastKnownFileType = sourcecode.swift; path = SceneDelegate.swift; sourceTree = "<group>"; };
		4DE1B4E42948DF77003233D5 /* ViewController.swift */ = {isa = PBXFileReference; lastKnownFileType = sourcecode.swift; path = ViewController.swift; sourceTree = "<group>"; };
		4DE1B4E72948DF77003233D5 /* Base */ = {isa = PBXFileReference; lastKnownFileType = file.storyboard; name = Base; path = Base.lproj/Main.storyboard; sourceTree = "<group>"; };
		4DE1B4E92948DF78003233D5 /* Assets.xcassets */ = {isa = PBXFileReference; lastKnownFileType = folder.assetcatalog; path = Assets.xcassets; sourceTree = "<group>"; };
		4DE1B4EC2948DF78003233D5 /* Base */ = {isa = PBXFileReference; lastKnownFileType = file.storyboard; name = Base; path = Base.lproj/LaunchScreen.storyboard; sourceTree = "<group>"; };
		4DE1B4EE2948DF78003233D5 /* Info.plist */ = {isa = PBXFileReference; lastKnownFileType = text.plist.xml; path = Info.plist; sourceTree = "<group>"; };
		4DE1B4F42948E0F4003233D5 /* UIView+Extension.swift */ = {isa = PBXFileReference; lastKnownFileType = sourcecode.swift; path = "UIView+Extension.swift"; sourceTree = "<group>"; };
/* End PBXFileReference section */

/* Begin PBXFrameworksBuildPhase section */
		4DE1B4DA2948DF77003233D5 /* Frameworks */ = {
			isa = PBXFrameworksBuildPhase;
			buildActionMask = 2147483647;
			files = (
			);
			runOnlyForDeploymentPostprocessing = 0;
		};
/* End PBXFrameworksBuildPhase section */

/* Begin PBXGroup section */
		4DB531522948E564008218C4 /* Utils */ = {
			isa = PBXGroup;
			children = (
				4DE1B4F42948E0F4003233D5 /* UIView+Extension.swift */,
				4DB5315A2948E714008218C4 /* UIViewController+Extension.swift */,
				4DBDF78E294B9FEE00445A0B /* Gifs+Extension.swift */,
			);
			path = Utils;
			sourceTree = "<group>";
		};
		4DB531532948E57B008218C4 /* Controllers */ = {
			isa = PBXGroup;
			children = (
				4DE1B4E42948DF77003233D5 /* ViewController.swift */,
				4DBDF78C294B8F7D00445A0B /* RunningViewController.swift */,
			);
			path = Controllers;
			sourceTree = "<group>";
		};
		4DB531542948E5B4008218C4 /* Models */ = {
			isa = PBXGroup;
			children = (
				4DB531552948E5C2008218C4 /* User.swift */,
				4D9BDECD2949F44C00984518 /* Running.swift */,
			);
			path = Models;
			sourceTree = "<group>";
		};
		4DB531572948E687008218C4 /* Views */ = {
			isa = PBXGroup;
			children = (
				4DB531582948E6A3008218C4 /* Circle.swift */,
				4DB5315E2948F819008218C4 /* Logo.swift */,
				4DB531602948F8C2008218C4 /* Title.swift */,
				4DB0209E2949FA0F009BB40B /* RunningCell.swift */,
				4D6AC2A9294B5FEE00ADA2F6 /* RunningCollection.swift */,
				4DBDF792294C9AF600445A0B /* TextField.swift */,
			);
			path = Views;
			sourceTree = "<group>";
		};
		4DE1B4D42948DF77003233D5 = {
			isa = PBXGroup;
			children = (
				4DE1B4DF2948DF77003233D5 /* Run */,
				4DE1B4DE2948DF77003233D5 /* Products */,
			);
			sourceTree = "<group>";
		};
		4DE1B4DE2948DF77003233D5 /* Products */ = {
			isa = PBXGroup;
			children = (
				4DE1B4DD2948DF77003233D5 /* Run.app */,
			);
			name = Products;
			sourceTree = "<group>";
		};
		4DE1B4DF2948DF77003233D5 /* Run */ = {
			isa = PBXGroup;
			children = (
				4DBDF790294BA31A00445A0B /* running.gif */,
				4DB531572948E687008218C4 /* Views */,
				4DB531542948E5B4008218C4 /* Models */,
				4DB531532948E57B008218C4 /* Controllers */,
				4DB531522948E564008218C4 /* Utils */,
				4DE1B4E02948DF77003233D5 /* AppDelegate.swift */,
				4DE1B4E22948DF77003233D5 /* SceneDelegate.swift */,
				4DE1B4E62948DF77003233D5 /* Main.storyboard */,
				4DE1B4E92948DF78003233D5 /* Assets.xcassets */,
				4DE1B4EB2948DF78003233D5 /* LaunchScreen.storyboard */,
				4DE1B4EE2948DF78003233D5 /* Info.plist */,
			);
			path = Run;
			sourceTree = "<group>";
		};
/* End PBXGroup section */

/* Begin PBXNativeTarget section */
		4DE1B4DC2948DF77003233D5 /* Run */ = {
			isa = PBXNativeTarget;
			buildConfigurationList = 4DE1B4F12948DF78003233D5 /* Build configuration list for PBXNativeTarget "Run" */;
			buildPhases = (
				4DE1B4D92948DF77003233D5 /* Sources */,
				4DE1B4DA2948DF77003233D5 /* Frameworks */,
				4DE1B4DB2948DF77003233D5 /* Resources */,
			);
			buildRules = (
			);
			dependencies = (
			);
			name = Run;
			productName = Run;
			productReference = 4DE1B4DD2948DF77003233D5 /* Run.app */;
			productType = "com.apple.product-type.application";
		};
/* End PBXNativeTarget section */

/* Begin PBXProject section */
		4DE1B4D52948DF77003233D5 /* Project object */ = {
			isa = PBXProject;
			attributes = {
				BuildIndependentTargetsInParallel = 1;
				LastSwiftUpdateCheck = 1410;
				LastUpgradeCheck = 1410;
				TargetAttributes = {
					4DE1B4DC2948DF77003233D5 = {
						CreatedOnToolsVersion = 14.1;
					};
				};
			};
			buildConfigurationList = 4DE1B4D82948DF77003233D5 /* Build configuration list for PBXProject "Run" */;
			compatibilityVersion = "Xcode 14.0";
			developmentRegion = en;
			hasScannedForEncodings = 0;
			knownRegions = (
				en,
				Base,
			);
			mainGroup = 4DE1B4D42948DF77003233D5;
			productRefGroup = 4DE1B4DE2948DF77003233D5 /* Products */;
			projectDirPath = "";
			projectRoot = "";
			targets = (
				4DE1B4DC2948DF77003233D5 /* Run */,
			);
		};
/* End PBXProject section */

/* Begin PBXResourcesBuildPhase section */
		4DE1B4DB2948DF77003233D5 /* Resources */ = {
			isa = PBXResourcesBuildPhase;
			buildActionMask = 2147483647;
			files = (
				4DBDF791294BA31A00445A0B /* running.gif in Resources */,
				4DE1B4ED2948DF78003233D5 /* LaunchScreen.storyboard in Resources */,
				4DE1B4EA2948DF78003233D5 /* Assets.xcassets in Resources */,
				4DE1B4E82948DF77003233D5 /* Main.storyboard in Resources */,
			);
			runOnlyForDeploymentPostprocessing = 0;
		};
/* End PBXResourcesBuildPhase section */

/* Begin PBXSourcesBuildPhase section */
		4DE1B4D92948DF77003233D5 /* Sources */ = {
			isa = PBXSourcesBuildPhase;
			buildActionMask = 2147483647;
			files = (
				4DBDF78F294B9FEE00445A0B /* Gifs+Extension.swift in Sources */,
				4DBDF78D294B8F7D00445A0B /* RunningViewController.swift in Sources */,
				4DE1B4E52948DF77003233D5 /* ViewController.swift in Sources */,
				4DBDF793294C9AF600445A0B /* TextField.swift in Sources */,
				4DB531612948F8C2008218C4 /* Title.swift in Sources */,
				4DB5315F2948F819008218C4 /* Logo.swift in Sources */,
				4DE1B4E12948DF77003233D5 /* AppDelegate.swift in Sources */,
				4D6AC2AA294B5FEE00ADA2F6 /* RunningCollection.swift in Sources */,
				4DE1B4F52948E0F4003233D5 /* UIView+Extension.swift in Sources */,
				4DB0209F2949FA0F009BB40B /* RunningCell.swift in Sources */,
				4D9BDECE2949F44C00984518 /* Running.swift in Sources */,
				4DB531562948E5C2008218C4 /* User.swift in Sources */,
				4DB5315B2948E714008218C4 /* UIViewController+Extension.swift in Sources */,
				4DE1B4E32948DF77003233D5 /* SceneDelegate.swift in Sources */,
				4DB531592948E6A3008218C4 /* Circle.swift in Sources */,
			);
			runOnlyForDeploymentPostprocessing = 0;
		};
/* End PBXSourcesBuildPhase section */

/* Begin PBXVariantGroup section */
		4DE1B4E62948DF77003233D5 /* Main.storyboard */ = {
			isa = PBXVariantGroup;
			children = (
				4DE1B4E72948DF77003233D5 /* Base */,
			);
			name = Main.storyboard;
			sourceTree = "<group>";
		};
		4DE1B4EB2948DF78003233D5 /* LaunchScreen.storyboard */ = {
			isa = PBXVariantGroup;
			children = (
				4DE1B4EC2948DF78003233D5 /* Base */,
			);
			name = LaunchScreen.storyboard;
			sourceTree = "<group>";
		};
/* End PBXVariantGroup section */

/* Begin XCBuildConfiguration section */
		4DE1B4EF2948DF78003233D5 /* Debug */ = {
			isa = XCBuildConfiguration;
			buildSettings = {
				ALWAYS_SEARCH_USER_PATHS = NO;
				CLANG_ANALYZER_NONNULL = YES;
				CLANG_ANALYZER_NUMBER_OBJECT_CONVERSION = YES_AGGRESSIVE;
				CLANG_CXX_LANGUAGE_STANDARD = "gnu++20";
				CLANG_ENABLE_MODULES = YES;
				CLANG_ENABLE_OBJC_ARC = YES;
				CLANG_ENABLE_OBJC_WEAK = YES;
				CLANG_WARN_BLOCK_CAPTURE_AUTORELEASING = YES;
				CLANG_WARN_BOOL_CONVERSION = YES;
				CLANG_WARN_COMMA = YES;
				CLANG_WARN_CONSTANT_CONVERSION = YES;
				CLANG_WARN_DEPRECATED_OBJC_IMPLEMENTATIONS = YES;
				CLANG_WARN_DIRECT_OBJC_ISA_USAGE = YES_ERROR;
				CLANG_WARN_DOCUMENTATION_COMMENTS = YES;
				CLANG_WARN_EMPTY_BODY = YES;
				CLANG_WARN_ENUM_CONVERSION = YES;
				CLANG_WARN_INFINITE_RECURSION = YES;
				CLANG_WARN_INT_CONVERSION = YES;
				CLANG_WARN_NON_LITERAL_NULL_CONVERSION = YES;
				CLANG_WARN_OBJC_IMPLICIT_RETAIN_SELF = YES;
				CLANG_WARN_OBJC_LITERAL_CONVERSION = YES;
				CLANG_WARN_OBJC_ROOT_CLASS = YES_ERROR;
				CLANG_WARN_QUOTED_INCLUDE_IN_FRAMEWORK_HEADER = YES;
				CLANG_WARN_RANGE_LOOP_ANALYSIS = YES;
				CLANG_WARN_STRICT_PROTOTYPES = YES;
				CLANG_WARN_SUSPICIOUS_MOVE = YES;
				CLANG_WARN_UNGUARDED_AVAILABILITY = YES_AGGRESSIVE;
				CLANG_WARN_UNREACHABLE_CODE = YES;
				CLANG_WARN__DUPLICATE_METHOD_MATCH = YES;
				COPY_PHASE_STRIP = NO;
				DEBUG_INFORMATION_FORMAT = dwarf;
				ENABLE_STRICT_OBJC_MSGSEND = YES;
				ENABLE_TESTABILITY = YES;
				GCC_C_LANGUAGE_STANDARD = gnu11;
				GCC_DYNAMIC_NO_PIC = NO;
				GCC_NO_COMMON_BLOCKS = YES;
				GCC_OPTIMIZATION_LEVEL = 0;
				GCC_PREPROCESSOR_DEFINITIONS = (
					"DEBUG=1",
					"$(inherited)",
				);
				GCC_WARN_64_TO_32_BIT_CONVERSION = YES;
				GCC_WARN_ABOUT_RETURN_TYPE = YES_ERROR;
				GCC_WARN_UNDECLARED_SELECTOR = YES;
				GCC_WARN_UNINITIALIZED_AUTOS = YES_AGGRESSIVE;
				GCC_WARN_UNUSED_FUNCTION = YES;
				GCC_WARN_UNUSED_VARIABLE = YES;
				IPHONEOS_DEPLOYMENT_TARGET = 16.1;
				MTL_ENABLE_DEBUG_INFO = INCLUDE_SOURCE;
				MTL_FAST_MATH = YES;
				ONLY_ACTIVE_ARCH = YES;
				SDKROOT = iphoneos;
				SWIFT_ACTIVE_COMPILATION_CONDITIONS = DEBUG;
				SWIFT_OPTIMIZATION_LEVEL = "-Onone";
			};
			name = Debug;
		};
		4DE1B4F02948DF78003233D5 /* Release */ = {
			isa = XCBuildConfiguration;
			buildSettings = {
				ALWAYS_SEARCH_USER_PATHS = NO;
				CLANG_ANALYZER_NONNULL = YES;
				CLANG_ANALYZER_NUMBER_OBJECT_CONVERSION = YES_AGGRESSIVE;
				CLANG_CXX_LANGUAGE_STANDARD = "gnu++20";
				CLANG_ENABLE_MODULES = YES;
				CLANG_ENABLE_OBJC_ARC = YES;
				CLANG_ENABLE_OBJC_WEAK = YES;
				CLANG_WARN_BLOCK_CAPTURE_AUTORELEASING = YES;
				CLANG_WARN_BOOL_CONVERSION = YES;
				CLANG_WARN_COMMA = YES;
				CLANG_WARN_CONSTANT_CONVERSION = YES;
				CLANG_WARN_DEPRECATED_OBJC_IMPLEMENTATIONS = YES;
				CLANG_WARN_DIRECT_OBJC_ISA_USAGE = YES_ERROR;
				CLANG_WARN_DOCUMENTATION_COMMENTS = YES;
				CLANG_WARN_EMPTY_BODY = YES;
				CLANG_WARN_ENUM_CONVERSION = YES;
				CLANG_WARN_INFINITE_RECURSION = YES;
				CLANG_WARN_INT_CONVERSION = YES;
				CLANG_WARN_NON_LITERAL_NULL_CONVERSION = YES;
				CLANG_WARN_OBJC_IMPLICIT_RETAIN_SELF = YES;
				CLANG_WARN_OBJC_LITERAL_CONVERSION = YES;
				CLANG_WARN_OBJC_ROOT_CLASS = YES_ERROR;
				CLANG_WARN_QUOTED_INCLUDE_IN_FRAMEWORK_HEADER = YES;
				CLANG_WARN_RANGE_LOOP_ANALYSIS = YES;
				CLANG_WARN_STRICT_PROTOTYPES = YES;
				CLANG_WARN_SUSPICIOUS_MOVE = YES;
				CLANG_WARN_UNGUARDED_AVAILABILITY = YES_AGGRESSIVE;
				CLANG_WARN_UNREACHABLE_CODE = YES;
				CLANG_WARN__DUPLICATE_METHOD_MATCH = YES;
				COPY_PHASE_STRIP = NO;
				DEBUG_INFORMATION_FORMAT = "dwarf-with-dsym";
				ENABLE_NS_ASSERTIONS = NO;
				ENABLE_STRICT_OBJC_MSGSEND = YES;
				GCC_C_LANGUAGE_STANDARD = gnu11;
				GCC_NO_COMMON_BLOCKS = YES;
				GCC_WARN_64_TO_32_BIT_CONVERSION = YES;
				GCC_WARN_ABOUT_RETURN_TYPE = YES_ERROR;
				GCC_WARN_UNDECLARED_SELECTOR = YES;
				GCC_WARN_UNINITIALIZED_AUTOS = YES_AGGRESSIVE;
				GCC_WARN_UNUSED_FUNCTION = YES;
				GCC_WARN_UNUSED_VARIABLE = YES;
				IPHONEOS_DEPLOYMENT_TARGET = 16.1;
				MTL_ENABLE_DEBUG_INFO = NO;
				MTL_FAST_MATH = YES;
				SDKROOT = iphoneos;
				SWIFT_COMPILATION_MODE = wholemodule;
				SWIFT_OPTIMIZATION_LEVEL = "-O";
				VALIDATE_PRODUCT = YES;
			};
			name = Release;
		};
		4DE1B4F22948DF78003233D5 /* Debug */ = {
			isa = XCBuildConfiguration;
			buildSettings = {
				ASSETCATALOG_COMPILER_APPICON_NAME = AppIcon;
				ASSETCATALOG_COMPILER_GLOBAL_ACCENT_COLOR_NAME = AccentColor;
				CODE_SIGN_STYLE = Automatic;
				CURRENT_PROJECT_VERSION = 1;
				GENERATE_INFOPLIST_FILE = YES;
				INFOPLIST_FILE = Run/Info.plist;
				INFOPLIST_KEY_UIApplicationSupportsIndirectInputEvents = YES;
				INFOPLIST_KEY_UILaunchStoryboardName = LaunchScreen;
				INFOPLIST_KEY_UIMainStoryboardFile = Main;
				INFOPLIST_KEY_UISupportedInterfaceOrientations_iPad = "UIInterfaceOrientationPortrait UIInterfaceOrientationPortraitUpsideDown UIInterfaceOrientationLandscapeLeft UIInterfaceOrientationLandscapeRight";
				INFOPLIST_KEY_UISupportedInterfaceOrientations_iPhone = "UIInterfaceOrientationPortrait UIInterfaceOrientationLandscapeLeft UIInterfaceOrientationLandscapeRight";
				LD_RUNPATH_SEARCH_PATHS = (
					"$(inherited)",
					"@executable_path/Frameworks",
				);
				MARKETING_VERSION = 1.0;
				PRODUCT_BUNDLE_IDENTIFIER = br.com.unicred.Run;
				PRODUCT_NAME = "$(TARGET_NAME)";
				SWIFT_EMIT_LOC_STRINGS = YES;
				SWIFT_VERSION = 5.0;
				TARGETED_DEVICE_FAMILY = "1,2";
			};
			name = Debug;
		};
		4DE1B4F32948DF78003233D5 /* Release */ = {
			isa = XCBuildConfiguration;
			buildSettings = {
				ASSETCATALOG_COMPILER_APPICON_NAME = AppIcon;
				ASSETCATALOG_COMPILER_GLOBAL_ACCENT_COLOR_NAME = AccentColor;
				CODE_SIGN_STYLE = Automatic;
				CURRENT_PROJECT_VERSION = 1;
				GENERATE_INFOPLIST_FILE = YES;
				INFOPLIST_FILE = Run/Info.plist;
				INFOPLIST_KEY_UIApplicationSupportsIndirectInputEvents = YES;
				INFOPLIST_KEY_UILaunchStoryboardName = LaunchScreen;
				INFOPLIST_KEY_UIMainStoryboardFile = Main;
				INFOPLIST_KEY_UISupportedInterfaceOrientations_iPad = "UIInterfaceOrientationPortrait UIInterfaceOrientationPortraitUpsideDown UIInterfaceOrientationLandscapeLeft UIInterfaceOrientationLandscapeRight";
				INFOPLIST_KEY_UISupportedInterfaceOrientations_iPhone = "UIInterfaceOrientationPortrait UIInterfaceOrientationLandscapeLeft UIInterfaceOrientationLandscapeRight";
				LD_RUNPATH_SEARCH_PATHS = (
					"$(inherited)",
					"@executable_path/Frameworks",
				);
				MARKETING_VERSION = 1.0;
				PRODUCT_BUNDLE_IDENTIFIER = br.com.unicred.Run;
				PRODUCT_NAME = "$(TARGET_NAME)";
				SWIFT_EMIT_LOC_STRINGS = YES;
				SWIFT_VERSION = 5.0;
				TARGETED_DEVICE_FAMILY = "1,2";
			};
			name = Release;
		};
/* End XCBuildConfiguration section */

/* Begin XCConfigurationList section */
		4DE1B4D82948DF77003233D5 /* Build configuration list for PBXProject "Run" */ = {
			isa = XCConfigurationList;
			buildConfigurations = (
				4DE1B4EF2948DF78003233D5 /* Debug */,
				4DE1B4F02948DF78003233D5 /* Release */,
			);
			defaultConfigurationIsVisible = 0;
			defaultConfigurationName = Release;
		};
		4DE1B4F12948DF78003233D5 /* Build configuration list for PBXNativeTarget "Run" */ = {
			isa = XCConfigurationList;
			buildConfigurations = (
				4DE1B4F22948DF78003233D5 /* Debug */,
				4DE1B4F32948DF78003233D5 /* Release */,
			);
			defaultConfigurationIsVisible = 0;
			defaultConfigurationName = Release;
		};
/* End XCConfigurationList section */
	};
	rootObject = 4DE1B4D52948DF77003233D5 /* Project object */;
}
